// !$*UTF8*$!
{
	archiveVersion = 1;
	classes = {
	};
	objectVersion = 56;
	objects = {

/* Begin PBXBuildFile section */
		9A2F808928FF8E6A00D8251B /* InfoPage.swift in Sources */ = {isa = PBXBuildFile; fileRef = 9A2F808828FF8E6A00D8251B /* InfoPage.swift */; };
		9A2F80FB290764A600D8251B /* PictureLocView.swift in Sources */ = {isa = PBXBuildFile; fileRef = 9A2F80FA290764A600D8251B /* PictureLocView.swift */; };
		9A2F80FD2907666C00D8251B /* MapView.swift in Sources */ = {isa = PBXBuildFile; fileRef = 9A2F80FC2907666C00D8251B /* MapView.swift */; };
		9A2F80FF290771D000D8251B /* Products.swift in Sources */ = {isa = PBXBuildFile; fileRef = 9A2F80FE290771D000D8251B /* Products.swift */; };
		9A8E70F228FB99A7000CAA97 /* CoffeeAppApp.swift in Sources */ = {isa = PBXBuildFile; fileRef = 9A8E70F128FB99A7000CAA97 /* CoffeeAppApp.swift */; };
		9A8E70F428FB99A7000CAA97 /* ContentView.swift in Sources */ = {isa = PBXBuildFile; fileRef = 9A8E70F328FB99A7000CAA97 /* ContentView.swift */; };
		9A8E70F628FB99AE000CAA97 /* Assets.xcassets in Resources */ = {isa = PBXBuildFile; fileRef = 9A8E70F528FB99AE000CAA97 /* Assets.xcassets */; };
		9A8E70F928FB99AE000CAA97 /* Preview Assets.xcassets in Resources */ = {isa = PBXBuildFile; fileRef = 9A8E70F828FB99AE000CAA97 /* Preview Assets.xcassets */; };
		9A8E710028FC67C2000CAA97 /* LocationCity.swift in Sources */ = {isa = PBXBuildFile; fileRef = 9A8E70FF28FC67C2000CAA97 /* LocationCity.swift */; };
		9A8E710228FCB4A6000CAA97 /* LocationPage.swift in Sources */ = {isa = PBXBuildFile; fileRef = 9A8E710128FCB4A6000CAA97 /* LocationPage.swift */; };
		9A8E710828FCDFAB000CAA97 /* CartPage.swift in Sources */ = {isa = PBXBuildFile; fileRef = 9A8E710728FCDFAB000CAA97 /* CartPage.swift */; };
		9A8E710C28FCDFEE000CAA97 /* HomePage.swift in Sources */ = {isa = PBXBuildFile; fileRef = 9A8E710B28FCDFEE000CAA97 /* HomePage.swift */; };
		9A8E710E28FCE1A9000CAA97 /* Product.swift in Sources */ = {isa = PBXBuildFile; fileRef = 9A8E710D28FCE1A9000CAA97 /* Product.swift */; };
		9A8E711028FCF624000CAA97 /* DetailsPage.swift in Sources */ = {isa = PBXBuildFile; fileRef = 9A8E710F28FCF624000CAA97 /* DetailsPage.swift */; };
		9A8E711328FD9612000CAA97 /* Category.swift in Sources */ = {isa = PBXBuildFile; fileRef = 9A8E711228FD9611000CAA97 /* Category.swift */; };
		9A8E711728FD9AAC000CAA97 /* MenuManag.swift in Sources */ = {isa = PBXBuildFile; fileRef = 9A8E711628FD9AAC000CAA97 /* MenuManag.swift */; };
		9A8E711928FD9ACE000CAA97 /* CartManag.swift in Sources */ = {isa = PBXBuildFile; fileRef = 9A8E711828FD9ACE000CAA97 /* CartManag.swift */; };
		9A8E711B28FDA6D0000CAA97 /* OrderItem.swift in Sources */ = {isa = PBXBuildFile; fileRef = 9A8E711A28FDA6D0000CAA97 /* OrderItem.swift */; };
		9A8E711E28FE3CC0000CAA97 /* Alamofire in Frameworks */ = {isa = PBXBuildFile; productRef = 9A8E711D28FE3CC0000CAA97 /* Alamofire */; };
/* End PBXBuildFile section */

/* Begin PBXFileReference section */
		9A2F808828FF8E6A00D8251B /* InfoPage.swift */ = {isa = PBXFileReference; lastKnownFileType = sourcecode.swift; path = InfoPage.swift; sourceTree = "<group>"; };
		9A2F808A28FF97D500D8251B /* Info.plist */ = {isa = PBXFileReference; lastKnownFileType = text.plist; path = Info.plist; sourceTree = "<group>"; };
		9A2F80FA290764A600D8251B /* PictureLocView.swift */ = {isa = PBXFileReference; lastKnownFileType = sourcecode.swift; path = PictureLocView.swift; sourceTree = "<group>"; };
		9A2F80FC2907666C00D8251B /* MapView.swift */ = {isa = PBXFileReference; lastKnownFileType = sourcecode.swift; path = MapView.swift; sourceTree = "<group>"; };
		9A2F80FE290771D000D8251B /* Products.swift */ = {isa = PBXFileReference; lastKnownFileType = sourcecode.swift; path = Products.swift; sourceTree = "<group>"; };
		9A8E70EE28FB99A7000CAA97 /* CoffeeApp.app */ = {isa = PBXFileReference; explicitFileType = wrapper.application; includeInIndex = 0; path = CoffeeApp.app; sourceTree = BUILT_PRODUCTS_DIR; };
		9A8E70F128FB99A7000CAA97 /* CoffeeAppApp.swift */ = {isa = PBXFileReference; lastKnownFileType = sourcecode.swift; path = CoffeeAppApp.swift; sourceTree = "<group>"; };
		9A8E70F328FB99A7000CAA97 /* ContentView.swift */ = {isa = PBXFileReference; lastKnownFileType = sourcecode.swift; path = ContentView.swift; sourceTree = "<group>"; };
		9A8E70F528FB99AE000CAA97 /* Assets.xcassets */ = {isa = PBXFileReference; lastKnownFileType = folder.assetcatalog; path = Assets.xcassets; sourceTree = "<group>"; };
		9A8E70F828FB99AE000CAA97 /* Preview Assets.xcassets */ = {isa = PBXFileReference; lastKnownFileType = folder.assetcatalog; path = "Preview Assets.xcassets"; sourceTree = "<group>"; };
		9A8E70FF28FC67C2000CAA97 /* LocationCity.swift */ = {isa = PBXFileReference; lastKnownFileType = sourcecode.swift; path = LocationCity.swift; sourceTree = "<group>"; };
		9A8E710128FCB4A6000CAA97 /* LocationPage.swift */ = {isa = PBXFileReference; lastKnownFileType = sourcecode.swift; path = LocationPage.swift; sourceTree = "<group>"; };
		9A8E710728FCDFAB000CAA97 /* CartPage.swift */ = {isa = PBXFileReference; lastKnownFileType = sourcecode.swift; path = CartPage.swift; sourceTree = "<group>"; };
		9A8E710B28FCDFEE000CAA97 /* HomePage.swift */ = {isa = PBXFileReference; lastKnownFileType = sourcecode.swift; path = HomePage.swift; sourceTree = "<group>"; };
		9A8E710D28FCE1A9000CAA97 /* Product.swift */ = {isa = PBXFileReference; lastKnownFileType = sourcecode.swift; path = Product.swift; sourceTree = "<group>"; };
		9A8E710F28FCF624000CAA97 /* DetailsPage.swift */ = {isa = PBXFileReference; lastKnownFileType = sourcecode.swift; path = DetailsPage.swift; sourceTree = "<group>"; };
		9A8E711228FD9611000CAA97 /* Category.swift */ = {isa = PBXFileReference; lastKnownFileType = sourcecode.swift; path = Category.swift; sourceTree = "<group>"; };
		9A8E711628FD9AAC000CAA97 /* MenuManag.swift */ = {isa = PBXFileReference; lastKnownFileType = sourcecode.swift; path = MenuManag.swift; sourceTree = "<group>"; };
		9A8E711828FD9ACE000CAA97 /* CartManag.swift */ = {isa = PBXFileReference; lastKnownFileType = sourcecode.swift; path = CartManag.swift; sourceTree = "<group>"; };
		9A8E711A28FDA6D0000CAA97 /* OrderItem.swift */ = {isa = PBXFileReference; lastKnownFileType = sourcecode.swift; path = OrderItem.swift; sourceTree = "<group>"; };
/* End PBXFileReference section */

/* Begin PBXFrameworksBuildPhase section */
		9A8E70EB28FB99A7000CAA97 /* Frameworks */ = {
			isa = PBXFrameworksBuildPhase;
			buildActionMask = 2147483647;
			files = (
				9A8E711E28FE3CC0000CAA97 /* Alamofire in Frameworks */,
			);
			runOnlyForDeploymentPostprocessing = 0;
		};
/* End PBXFrameworksBuildPhase section */

/* Begin PBXGroup section */
		9A8E70E528FB99A7000CAA97 = {
			isa = PBXGroup;
			children = (
				9A8E70F028FB99A7000CAA97 /* CoffeeApp */,
				9A8E70EF28FB99A7000CAA97 /* Products */,
			);
			sourceTree = "<group>";
		};
		9A8E70EF28FB99A7000CAA97 /* Products */ = {
			isa = PBXGroup;
			children = (
				9A8E70EE28FB99A7000CAA97 /* CoffeeApp.app */,
			);
			name = Products;
			sourceTree = "<group>";
		};
		9A8E70F028FB99A7000CAA97 /* CoffeeApp */ = {
			isa = PBXGroup;
			children = (
				9A2F808A28FF97D500D8251B /* Info.plist */,
				9A8E711128FD95ED000CAA97 /* Model */,
				9A8E710428FCDD8A000CAA97 /* Page Views */,
				9A8E710328FCDD42000CAA97 /* Views */,
				9A8E70F128FB99A7000CAA97 /* CoffeeAppApp.swift */,
				9A8E70F328FB99A7000CAA97 /* ContentView.swift */,
				9A8E70F528FB99AE000CAA97 /* Assets.xcassets */,
				9A8E70F728FB99AE000CAA97 /* Preview Content */,
			);
			path = CoffeeApp;
			sourceTree = "<group>";
		};
		9A8E70F728FB99AE000CAA97 /* Preview Content */ = {
			isa = PBXGroup;
			children = (
				9A8E70F828FB99AE000CAA97 /* Preview Assets.xcassets */,
			);
			path = "Preview Content";
			sourceTree = "<group>";
		};
		9A8E710328FCDD42000CAA97 /* Views */ = {
			isa = PBXGroup;
			children = (
				9A8E711A28FDA6D0000CAA97 /* OrderItem.swift */,
				9A8E70FF28FC67C2000CAA97 /* LocationCity.swift */,
				9A2F80FA290764A600D8251B /* PictureLocView.swift */,
				9A8E710D28FCE1A9000CAA97 /* Product.swift */,
				9A2F80FC2907666C00D8251B /* MapView.swift */,
			);
			path = Views;
			sourceTree = "<group>";
		};
		9A8E710428FCDD8A000CAA97 /* Page Views */ = {
			isa = PBXGroup;
			children = (
				9A8E710128FCB4A6000CAA97 /* LocationPage.swift */,
				9A8E710728FCDFAB000CAA97 /* CartPage.swift */,
				9A8E710B28FCDFEE000CAA97 /* HomePage.swift */,
				9A8E710F28FCF624000CAA97 /* DetailsPage.swift */,
				9A2F808828FF8E6A00D8251B /* InfoPage.swift */,
			);
			path = "Page Views";
			sourceTree = "<group>";
		};
		9A8E711128FD95ED000CAA97 /* Model */ = {
			isa = PBXGroup;
			children = (
				9A8E711228FD9611000CAA97 /* Category.swift */,
				9A8E711628FD9AAC000CAA97 /* MenuManag.swift */,
				9A8E711828FD9ACE000CAA97 /* CartManag.swift */,
				9A2F80FE290771D000D8251B /* Products.swift */,
			);
			path = Model;
			sourceTree = "<group>";
		};
/* End PBXGroup section */

/* Begin PBXNativeTarget section */
		9A8E70ED28FB99A7000CAA97 /* CoffeeApp */ = {
			isa = PBXNativeTarget;
			buildConfigurationList = 9A8E70FC28FB99AE000CAA97 /* Build configuration list for PBXNativeTarget "CoffeeApp" */;
			buildPhases = (
				9A8E70EA28FB99A7000CAA97 /* Sources */,
				9A8E70EB28FB99A7000CAA97 /* Frameworks */,
				9A8E70EC28FB99A7000CAA97 /* Resources */,
			);
			buildRules = (
			);
			dependencies = (
			);
			name = CoffeeApp;
			packageProductDependencies = (
				9A8E711D28FE3CC0000CAA97 /* Alamofire */,
			);
			productName = CoffeeApp;
			productReference = 9A8E70EE28FB99A7000CAA97 /* CoffeeApp.app */;
			productType = "com.apple.product-type.application";
		};
/* End PBXNativeTarget section */

/* Begin PBXProject section */
		9A8E70E628FB99A7000CAA97 /* Project object */ = {
			isa = PBXProject;
			attributes = {
				BuildIndependentTargetsInParallel = 1;
				LastSwiftUpdateCheck = 1400;
				LastUpgradeCheck = 1400;
				TargetAttributes = {
					9A8E70ED28FB99A7000CAA97 = {
						CreatedOnToolsVersion = 14.0.1;
					};
				};
			};
			buildConfigurationList = 9A8E70E928FB99A7000CAA97 /* Build configuration list for PBXProject "CoffeeApp" */;
			compatibilityVersion = "Xcode 14.0";
			developmentRegion = en;
			hasScannedForEncodings = 0;
			knownRegions = (
				en,
				Base,
			);
			mainGroup = 9A8E70E528FB99A7000CAA97;
			packageReferences = (
				9A8E711C28FE3CBF000CAA97 /* XCRemoteSwiftPackageReference "Alamofire" */,
			);
			productRefGroup = 9A8E70EF28FB99A7000CAA97 /* Products */;
			projectDirPath = "";
			projectRoot = "";
			targets = (
				9A8E70ED28FB99A7000CAA97 /* CoffeeApp */,
			);
		};
/* End PBXProject section */

/* Begin PBXResourcesBuildPhase section */
		9A8E70EC28FB99A7000CAA97 /* Resources */ = {
			isa = PBXResourcesBuildPhase;
			buildActionMask = 2147483647;
			files = (
				9A8E70F928FB99AE000CAA97 /* Preview Assets.xcassets in Resources */,
				9A8E70F628FB99AE000CAA97 /* Assets.xcassets in Resources */,
			);
			runOnlyForDeploymentPostprocessing = 0;
		};
/* End PBXResourcesBuildPhase section */

/* Begin PBXSourcesBuildPhase section */
		9A8E70EA28FB99A7000CAA97 /* Sources */ = {
			isa = PBXSourcesBuildPhase;
			buildActionMask = 2147483647;
			files = (
				9A8E710028FC67C2000CAA97 /* LocationCity.swift in Sources */,
				9A2F80FD2907666C00D8251B /* MapView.swift in Sources */,
				9A8E711328FD9612000CAA97 /* Category.swift in Sources */,
				9A8E710228FCB4A6000CAA97 /* LocationPage.swift in Sources */,
				9A8E70F428FB99A7000CAA97 /* ContentView.swift in Sources */,
				9A2F80FB290764A600D8251B /* PictureLocView.swift in Sources */,
				9A2F808928FF8E6A00D8251B /* InfoPage.swift in Sources */,
				9A8E711028FCF624000CAA97 /* DetailsPage.swift in Sources */,
				9A8E711728FD9AAC000CAA97 /* MenuManag.swift in Sources */,
				9A8E710828FCDFAB000CAA97 /* CartPage.swift in Sources */,
				9A8E711B28FDA6D0000CAA97 /* OrderItem.swift in Sources */,
				9A8E710E28FCE1A9000CAA97 /* Product.swift in Sources */,
				9A8E711928FD9ACE000CAA97 /* CartManag.swift in Sources */,
				9A2F80FF290771D000D8251B /* Products.swift in Sources */,
				9A8E710C28FCDFEE000CAA97 /* HomePage.swift in Sources */,
				9A8E70F228FB99A7000CAA97 /* CoffeeAppApp.swift in Sources */,
			);
			runOnlyForDeploymentPostprocessing = 0;
		};
/* End PBXSourcesBuildPhase section */

/* Begin XCBuildConfiguration section */
		9A8E70FA28FB99AE000CAA97 /* Debug */ = {
			isa = XCBuildConfiguration;
			buildSettings = {
				ALWAYS_SEARCH_USER_PATHS = NO;
				CLANG_ANALYZER_NONNULL = YES;
				CLANG_ANALYZER_NUMBER_OBJECT_CONVERSION = YES_AGGRESSIVE;
				CLANG_CXX_LANGUAGE_STANDARD = "gnu++20";
				CLANG_ENABLE_MODULES = YES;
				CLANG_ENABLE_OBJC_ARC = YES;
				CLANG_ENABLE_OBJC_WEAK = YES;
				CLANG_WARN_BLOCK_CAPTURE_AUTORELEASING = YES;
				CLANG_WARN_BOOL_CONVERSION = YES;
				CLANG_WARN_COMMA = YES;
				CLANG_WARN_CONSTANT_CONVERSION = YES;
				CLANG_WARN_DEPRECATED_OBJC_IMPLEMENTATIONS = YES;
				CLANG_WARN_DIRECT_OBJC_ISA_USAGE = YES_ERROR;
				CLANG_WARN_DOCUMENTATION_COMMENTS = YES;
				CLANG_WARN_EMPTY_BODY = YES;
				CLANG_WARN_ENUM_CONVERSION = YES;
				CLANG_WARN_INFINITE_RECURSION = YES;
				CLANG_WARN_INT_CONVERSION = YES;
				CLANG_WARN_NON_LITERAL_NULL_CONVERSION = YES;
				CLANG_WARN_OBJC_IMPLICIT_RETAIN_SELF = YES;
				CLANG_WARN_OBJC_LITERAL_CONVERSION = YES;
				CLANG_WARN_OBJC_ROOT_CLASS = YES_ERROR;
				CLANG_WARN_QUOTED_INCLUDE_IN_FRAMEWORK_HEADER = YES;
				CLANG_WARN_RANGE_LOOP_ANALYSIS = YES;
				CLANG_WARN_STRICT_PROTOTYPES = YES;
				CLANG_WARN_SUSPICIOUS_MOVE = YES;
				CLANG_WARN_UNGUARDED_AVAILABILITY = YES_AGGRESSIVE;
				CLANG_WARN_UNREACHABLE_CODE = YES;
				CLANG_WARN__DUPLICATE_METHOD_MATCH = YES;
				COPY_PHASE_STRIP = NO;
				DEBUG_INFORMATION_FORMAT = dwarf;
				ENABLE_STRICT_OBJC_MSGSEND = YES;
				ENABLE_TESTABILITY = YES;
				GCC_C_LANGUAGE_STANDARD = gnu11;
				GCC_DYNAMIC_NO_PIC = NO;
				GCC_NO_COMMON_BLOCKS = YES;
				GCC_OPTIMIZATION_LEVEL = 0;
				GCC_PREPROCESSOR_DEFINITIONS = (
					"DEBUG=1",
					"$(inherited)",
				);
				GCC_WARN_64_TO_32_BIT_CONVERSION = YES;
				GCC_WARN_ABOUT_RETURN_TYPE = YES_ERROR;
				GCC_WARN_UNDECLARED_SELECTOR = YES;
				GCC_WARN_UNINITIALIZED_AUTOS = YES_AGGRESSIVE;
				GCC_WARN_UNUSED_FUNCTION = YES;
				GCC_WARN_UNUSED_VARIABLE = YES;
				IPHONEOS_DEPLOYMENT_TARGET = 16.0;
				MTL_ENABLE_DEBUG_INFO = INCLUDE_SOURCE;
				MTL_FAST_MATH = YES;
				ONLY_ACTIVE_ARCH = YES;
				SDKROOT = iphoneos;
				SWIFT_ACTIVE_COMPILATION_CONDITIONS = DEBUG;
				SWIFT_OPTIMIZATION_LEVEL = "-Onone";
			};
			name = Debug;
		};
		9A8E70FB28FB99AE000CAA97 /* Release */ = {
			isa = XCBuildConfiguration;
			buildSettings = {
				ALWAYS_SEARCH_USER_PATHS = NO;
				CLANG_ANALYZER_NONNULL = YES;
				CLANG_ANALYZER_NUMBER_OBJECT_CONVERSION = YES_AGGRESSIVE;
				CLANG_CXX_LANGUAGE_STANDARD = "gnu++20";
				CLANG_ENABLE_MODULES = YES;
				CLANG_ENABLE_OBJC_ARC = YES;
				CLANG_ENABLE_OBJC_WEAK = YES;
				CLANG_WARN_BLOCK_CAPTURE_AUTORELEASING = YES;
				CLANG_WARN_BOOL_CONVERSION = YES;
				CLANG_WARN_COMMA = YES;
				CLANG_WARN_CONSTANT_CONVERSION = YES;
				CLANG_WARN_DEPRECATED_OBJC_IMPLEMENTATIONS = YES;
				CLANG_WARN_DIRECT_OBJC_ISA_USAGE = YES_ERROR;
				CLANG_WARN_DOCUMENTATION_COMMENTS = YES;
				CLANG_WARN_EMPTY_BODY = YES;
				CLANG_WARN_ENUM_CONVERSION = YES;
				CLANG_WARN_INFINITE_RECURSION = YES;
				CLANG_WARN_INT_CONVERSION = YES;
				CLANG_WARN_NON_LITERAL_NULL_CONVERSION = YES;
				CLANG_WARN_OBJC_IMPLICIT_RETAIN_SELF = YES;
				CLANG_WARN_OBJC_LITERAL_CONVERSION = YES;
				CLANG_WARN_OBJC_ROOT_CLASS = YES_ERROR;
				CLANG_WARN_QUOTED_INCLUDE_IN_FRAMEWORK_HEADER = YES;
				CLANG_WARN_RANGE_LOOP_ANALYSIS = YES;
				CLANG_WARN_STRICT_PROTOTYPES = YES;
				CLANG_WARN_SUSPICIOUS_MOVE = YES;
				CLANG_WARN_UNGUARDED_AVAILABILITY = YES_AGGRESSIVE;
				CLANG_WARN_UNREACHABLE_CODE = YES;
				CLANG_WARN__DUPLICATE_METHOD_MATCH = YES;
				COPY_PHASE_STRIP = NO;
				DEBUG_INFORMATION_FORMAT = "dwarf-with-dsym";
				ENABLE_NS_ASSERTIONS = NO;
				ENABLE_STRICT_OBJC_MSGSEND = YES;
				GCC_C_LANGUAGE_STANDARD = gnu11;
				GCC_NO_COMMON_BLOCKS = YES;
				GCC_WARN_64_TO_32_BIT_CONVERSION = YES;
				GCC_WARN_ABOUT_RETURN_TYPE = YES_ERROR;
				GCC_WARN_UNDECLARED_SELECTOR = YES;
				GCC_WARN_UNINITIALIZED_AUTOS = YES_AGGRESSIVE;
				GCC_WARN_UNUSED_FUNCTION = YES;
				GCC_WARN_UNUSED_VARIABLE = YES;
				IPHONEOS_DEPLOYMENT_TARGET = 16.0;
				MTL_ENABLE_DEBUG_INFO = NO;
				MTL_FAST_MATH = YES;
				SDKROOT = iphoneos;
				SWIFT_COMPILATION_MODE = wholemodule;
				SWIFT_OPTIMIZATION_LEVEL = "-O";
				VALIDATE_PRODUCT = YES;
			};
			name = Release;
		};
		9A8E70FD28FB99AE000CAA97 /* Debug */ = {
			isa = XCBuildConfiguration;
			buildSettings = {
				ASSETCATALOG_COMPILER_APPICON_NAME = AppIcon;
				ASSETCATALOG_COMPILER_GLOBAL_ACCENT_COLOR_NAME = AccentColor;
				CODE_SIGN_STYLE = Automatic;
				CURRENT_PROJECT_VERSION = 1;
				DEVELOPMENT_ASSET_PATHS = "\"CoffeeApp/Preview Content\"";
				DEVELOPMENT_TEAM = "";
				ENABLE_PREVIEWS = YES;
				GENERATE_INFOPLIST_FILE = YES;
				INFOPLIST_FILE = CoffeeApp/Info.plist;
				INFOPLIST_KEY_UIApplicationSceneManifest_Generation = YES;
				INFOPLIST_KEY_UIApplicationSupportsIndirectInputEvents = YES;
				INFOPLIST_KEY_UISupportedInterfaceOrientations_iPad = "UIInterfaceOrientationPortrait UIInterfaceOrientationPortraitUpsideDown UIInterfaceOrientationLandscapeLeft UIInterfaceOrientationLandscapeRight";
				INFOPLIST_KEY_UISupportedInterfaceOrientations_iPhone = "UIInterfaceOrientationPortrait UIInterfaceOrientationLandscapeLeft UIInterfaceOrientationLandscapeRight";
				LD_RUNPATH_SEARCH_PATHS = (
					"$(inherited)",
					"@executable_path/Frameworks",
				);
				MARKETING_VERSION = 1.0;
				PRODUCT_BUNDLE_IDENTIFIER = "my-account.CoffeeApp";
				PRODUCT_NAME = "$(TARGET_NAME)";
				SWIFT_EMIT_LOC_STRINGS = YES;
				SWIFT_VERSION = 5.0;
				TARGETED_DEVICE_FAMILY = "1,2";
			};
			name = Debug;
		};
		9A8E70FE28FB99AE000CAA97 /* Release */ = {
			isa = XCBuildConfiguration;
			buildSettings = {
				ASSETCATALOG_COMPILER_APPICON_NAME = AppIcon;
				ASSETCATALOG_COMPILER_GLOBAL_ACCENT_COLOR_NAME = AccentColor;
				CODE_SIGN_STYLE = Automatic;
				CURRENT_PROJECT_VERSION = 1;
				DEVELOPMENT_ASSET_PATHS = "\"CoffeeApp/Preview Content\"";
				DEVELOPMENT_TEAM = "";
				ENABLE_PREVIEWS = YES;
				GENERATE_INFOPLIST_FILE = YES;
				INFOPLIST_FILE = CoffeeApp/Info.plist;
				INFOPLIST_KEY_UIApplicationSceneManifest_Generation = YES;
				INFOPLIST_KEY_UIApplicationSupportsIndirectInputEvents = YES;
				INFOPLIST_KEY_UISupportedInterfaceOrientations_iPad = "UIInterfaceOrientationPortrait UIInterfaceOrientationPortraitUpsideDown UIInterfaceOrientationLandscapeLeft UIInterfaceOrientationLandscapeRight";
				INFOPLIST_KEY_UISupportedInterfaceOrientations_iPhone = "UIInterfaceOrientationPortrait UIInterfaceOrientationLandscapeLeft UIInterfaceOrientationLandscapeRight";
				LD_RUNPATH_SEARCH_PATHS = (
					"$(inherited)",
					"@executable_path/Frameworks",
				);
				MARKETING_VERSION = 1.0;
				PRODUCT_BUNDLE_IDENTIFIER = "my-account.CoffeeApp";
				PRODUCT_NAME = "$(TARGET_NAME)";
				SWIFT_EMIT_LOC_STRINGS = YES;
				SWIFT_VERSION = 5.0;
				TARGETED_DEVICE_FAMILY = "1,2";
			};
			name = Release;
		};
/* End XCBuildConfiguration section */

/* Begin XCConfigurationList section */
		9A8E70E928FB99A7000CAA97 /* Build configuration list for PBXProject "CoffeeApp" */ = {
			isa = XCConfigurationList;
			buildConfigurations = (
				9A8E70FA28FB99AE000CAA97 /* Debug */,
				9A8E70FB28FB99AE000CAA97 /* Release */,
			);
			defaultConfigurationIsVisible = 0;
			defaultConfigurationName = Release;
		};
		9A8E70FC28FB99AE000CAA97 /* Build configuration list for PBXNativeTarget "CoffeeApp" */ = {
			isa = XCConfigurationList;
			buildConfigurations = (
				9A8E70FD28FB99AE000CAA97 /* Debug */,
				9A8E70FE28FB99AE000CAA97 /* Release */,
			);
			defaultConfigurationIsVisible = 0;
			defaultConfigurationName = Release;
		};
/* End XCConfigurationList section */

/* Begin XCRemoteSwiftPackageReference section */
		9A8E711C28FE3CBF000CAA97 /* XCRemoteSwiftPackageReference "Alamofire" */ = {
			isa = XCRemoteSwiftPackageReference;
			repositoryURL = "https://github.com/Alamofire/Alamofire.git";
			requirement = {
				kind = upToNextMajorVersion;
				minimumVersion = 5.0.0;
			};
		};
/* End XCRemoteSwiftPackageReference section */

/* Begin XCSwiftPackageProductDependency section */
		9A8E711D28FE3CC0000CAA97 /* Alamofire */ = {
			isa = XCSwiftPackageProductDependency;
			package = 9A8E711C28FE3CBF000CAA97 /* XCRemoteSwiftPackageReference "Alamofire" */;
			productName = Alamofire;
		};
/* End XCSwiftPackageProductDependency section */
	};
	rootObject = 9A8E70E628FB99A7000CAA97 /* Project object */;
}
